
Microsoft Visual Studio Solution File, Format Version 12.00
# Visual Studio Version 16
VisualStudioVersion = 16.0.29609.76
MinimumVisualStudioVersion = 10.0.40219.1
Project("{9A19103F-16F7-4668-BE54-9A1E7A4F7556}") = "RarelySimple.AvatarScriptLink", "RarelySimple.AvatarScriptLink\RarelySimple.AvatarScriptLink.csproj", "{37E977E5-4BE2-404A-B0C1-ACC935B4633C}"
EndProject
Project("{FAE04EC0-301F-11D3-BF4B-00C04F79EFBC}") = "RarelySimple.AvatarScriptLink.Tests", "RarelySimple.AvatarScriptLink.Tests\RarelySimple.AvatarScriptLink.Tests.csproj", "{A1E65374-EC66-482B-96B6-14AA35D7A444}"
EndProject
Project("{2150E333-8FDC-42A3-9474-1A3956D46DE8}") = "Solution Items", "Solution Items", "{E488BD5B-0653-49DC-9DA1-2C4CA2E7618D}"
	ProjectSection(SolutionItems) = preProject
		version.json = version.json
	EndProjectSection
EndProject
Project("{FAE04EC0-301F-11D3-BF4B-00C04F79EFBC}") = "RarelySimple.AvatarScriptLink.Examples", "RarelySimple.AvatarScriptLink.Examples\RarelySimple.AvatarScriptLink.Examples.csproj", "{F68744B1-DF94-42C5-B368-C4822E02EE45}"
EndProject
Project("{FAE04EC0-301F-11D3-BF4B-00C04F79EFBC}") = "RarelySimple.AvatarScriptLink.Examples.Tests", "RarelySimple.AvatarScriptLink.Examples.Tests\RarelySimple.AvatarScriptLink.Examples.Tests.csproj", "{6EBECEC0-EBCA-4AA6-A3DD-EE5B49CD8EBC}"
EndProject
Global
	GlobalSection(SolutionConfigurationPlatforms) = preSolution
		Debug|Any CPU = Debug|Any CPU
		Release|Any CPU = Release|Any CPU
	EndGlobalSection
	GlobalSection(ProjectConfigurationPlatforms) = postSolution
		{37E977E5-4BE2-404A-B0C1-ACC935B4633C}.Debug|Any CPU.ActiveCfg = Debug|Any CPU
		{37E977E5-4BE2-404A-B0C1-ACC935B4633C}.Debug|Any CPU.Build.0 = Debug|Any CPU
		{37E977E5-4BE2-404A-B0C1-ACC935B4633C}.Release|Any CPU.ActiveCfg = Release|Any CPU
		{37E977E5-4BE2-404A-B0C1-ACC935B4633C}.Release|Any CPU.Build.0 = Release|Any CPU
		{A1E65374-EC66-482B-96B6-14AA35D7A444}.Debug|Any CPU.ActiveCfg = Debug|Any CPU
		{A1E65374-EC66-482B-96B6-14AA35D7A444}.Debug|Any CPU.Build.0 = Debug|Any CPU
		{A1E65374-EC66-482B-96B6-14AA35D7A444}.Release|Any CPU.ActiveCfg = Release|Any CPU
		{A1E65374-EC66-482B-96B6-14AA35D7A444}.Release|Any CPU.Build.0 = Release|Any CPU
		{F68744B1-DF94-42C5-B368-C4822E02EE45}.Debug|Any CPU.ActiveCfg = Debug|Any CPU
		{F68744B1-DF94-42C5-B368-C4822E02EE45}.Debug|Any CPU.Build.0 = Debug|Any CPU
		{F68744B1-DF94-42C5-B368-C4822E02EE45}.Release|Any CPU.ActiveCfg = Release|Any CPU
		{F68744B1-DF94-42C5-B368-C4822E02EE45}.Release|Any CPU.Build.0 = Release|Any CPU
		{6EBECEC0-EBCA-4AA6-A3DD-EE5B49CD8EBC}.Debug|Any CPU.ActiveCfg = Debug|Any CPU
		{6EBECEC0-EBCA-4AA6-A3DD-EE5B49CD8EBC}.Debug|Any CPU.Build.0 = Debug|Any CPU
		{6EBECEC0-EBCA-4AA6-A3DD-EE5B49CD8EBC}.Release|Any CPU.ActiveCfg = Release|Any CPU
		{6EBECEC0-EBCA-4AA6-A3DD-EE5B49CD8EBC}.Release|Any CPU.Build.0 = Release|Any CPU
	EndGlobalSection
	GlobalSection(SolutionProperties) = preSolution
		HideSolutionNode = FALSE
	EndGlobalSection
	GlobalSection(ExtensibilityGlobals) = postSolution
		SolutionGuid = {CCFD82F0-B067-4138-89BB-668EC8307954}
	EndGlobalSection
EndGlobal
